
Microsoft Visual Studio Solution File, Format Version 12.00
# Visual Studio 15
VisualStudioVersion = 15.0.27004.2008
MinimumVisualStudioVersion = 10.0.40219.1
Project("{FAE04EC0-301F-11D3-BF4B-00C04F79EFBC}") = "RPCS3_Updater", "RPCS3_Updater\RPCS3_Updater.csproj", "{C6351949-75AD-42D4-855A-6CEAB91A0B62}"
EndProject
Global
	GlobalSection(SolutionConfigurationPlatforms) = preSolution
		Debug|Any CPU = Debug|Any CPU
		Release|Any CPU = Release|Any CPU
	EndGlobalSection
	GlobalSection(ProjectConfigurationPlatforms) = postSolution
		{C6351949-75AD-42D4-855A-6CEAB91A0B62}.Debug|Any CPU.ActiveCfg = Debug|Any CPU
		{C6351949-75AD-42D4-855A-6CEAB91A0B62}.Debug|Any CPU.Build.0 = Debug|Any CPU
		{C6351949-75AD-42D4-855A-6CEAB91A0B62}.Release|Any CPU.ActiveCfg = Release|Any CPU
		{C6351949-75AD-42D4-855A-6CEAB91A0B62}.Release|Any CPU.Build.0 = Release|Any CPU
	EndGlobalSection
	GlobalSection(SolutionProperties) = preSolution
		HideSolutionNode = FALSE
	EndGlobalSection
	GlobalSection(ExtensibilityGlobals) = postSolution
		SolutionGuid = {6241ACC7-BAC7-4E29-A917-055DF27BE0B8}
	EndGlobalSection
EndGlobal
